
Microsoft Visual Studio Solution File, Format Version 12.00
# Visual Studio Version 16
VisualStudioVersion = 16.0.31025.194
MinimumVisualStudioVersion = 10.0.40219.1
Project("{FAE04EC0-301F-11D3-BF4B-00C04F79EFBC}") = "Expressoes", "Expressoes\Expressoes.csproj", "{64FA0C3B-7899-478D-9416-F453F19BD9DB}"
EndProject
Global
	GlobalSection(SolutionConfigurationPlatforms) = preSolution
		Debug|Any CPU = Debug|Any CPU
		Release|Any CPU = Release|Any CPU
	EndGlobalSection
	GlobalSection(ProjectConfigurationPlatforms) = postSolution
		{64FA0C3B-7899-478D-9416-F453F19BD9DB}.Debug|Any CPU.ActiveCfg = Debug|Any CPU
		{64FA0C3B-7899-478D-9416-F453F19BD9DB}.Debug|Any CPU.Build.0 = Debug|Any CPU
		{64FA0C3B-7899-478D-9416-F453F19BD9DB}.Release|Any CPU.ActiveCfg = Release|Any CPU
		{64FA0C3B-7899-478D-9416-F453F19BD9DB}.Release|Any CPU.Build.0 = Release|Any CPU
	EndGlobalSection
	GlobalSection(SolutionProperties) = preSolution
		HideSolutionNode = FALSE
	EndGlobalSection
	GlobalSection(ExtensibilityGlobals) = postSolution
		SolutionGuid = {2F54D101-8EF6-4FF5-B5A3-260F7B7BB3F1}
	EndGlobalSection
EndGlobal
